
Microsoft Visual Studio Solution File, Format Version 12.00
# Visual Studio 14
VisualStudioVersion = 14.0.25420.1
MinimumVisualStudioVersion = 10.0.40219.1
Project("{2150E333-8FDC-42A3-9474-1A3956D46DE8}") = "src", "src", "{A8CE2321-6C9D-4096-BD7A-E31584BB1E6B}"
EndProject
Project("{2150E333-8FDC-42A3-9474-1A3956D46DE8}") = "Solution Items", "Solution Items", "{705D5B15-0028-4DC0-AD73-BF504FB42C78}"
	ProjectSection(SolutionItems) = preProject
		global.json = global.json
	EndProjectSection
EndProject
Project("{8BB2217D-0F2D-49D1-97BC-3654ED321F3B}") = "SugarMaMa.API", "src\SugarMaMa.API\SugarMaMa.API.xproj", "{7877E244-C5B2-425E-BF65-4316BAF8A9C4}"
EndProject
Global
	GlobalSection(SolutionConfigurationPlatforms) = preSolution
		Debug|Any CPU = Debug|Any CPU
		Release|Any CPU = Release|Any CPU
	EndGlobalSection
	GlobalSection(ProjectConfigurationPlatforms) = postSolution
		{7877E244-C5B2-425E-BF65-4316BAF8A9C4}.Debug|Any CPU.ActiveCfg = Debug|Any CPU
		{7877E244-C5B2-425E-BF65-4316BAF8A9C4}.Debug|Any CPU.Build.0 = Debug|Any CPU
		{7877E244-C5B2-425E-BF65-4316BAF8A9C4}.Release|Any CPU.ActiveCfg = Release|Any CPU
		{7877E244-C5B2-425E-BF65-4316BAF8A9C4}.Release|Any CPU.Build.0 = Release|Any CPU
	EndGlobalSection
	GlobalSection(SolutionProperties) = preSolution
		HideSolutionNode = FALSE
	EndGlobalSection
	GlobalSection(NestedProjects) = preSolution
		{7877E244-C5B2-425E-BF65-4316BAF8A9C4} = {A8CE2321-6C9D-4096-BD7A-E31584BB1E6B}
	EndGlobalSection
EndGlobal
